
Microsoft Visual Studio Solution File, Format Version 12.00
# Visual Studio 15
VisualStudioVersion = 15.0.26730.12
MinimumVisualStudioVersion = 10.0.40219.1
Project("{FAE04EC0-301F-11D3-BF4B-00C04F79EFBC}") = "SimpleVoting.Web", "SimpleVoting.Web\SimpleVoting.Web.csproj", "{FD2BB82B-F068-4E12-84C0-61C0D3629086}"
EndProject
Project("{FAE04EC0-301F-11D3-BF4B-00C04F79EFBC}") = "SimpleVoting.Domain", "SimpleVoting.Domain\SimpleVoting.Domain.csproj", "{EA32A62F-9939-45B8-8619-76B886CE3FC8}"
EndProject
Project("{FAE04EC0-301F-11D3-BF4B-00C04F79EFBC}") = "SimpleVoting.Logic", "SimpleVoting.Logic\SimpleVoting.Logic.csproj", "{7D6BA6F4-0ACC-4C4A-9A66-5A9E6EF5B135}"
EndProject
Global
	GlobalSection(SolutionConfigurationPlatforms) = preSolution
		Debug|Any CPU = Debug|Any CPU
		Release|Any CPU = Release|Any CPU
	EndGlobalSection
	GlobalSection(ProjectConfigurationPlatforms) = postSolution
		{FD2BB82B-F068-4E12-84C0-61C0D3629086}.Debug|Any CPU.ActiveCfg = Debug|Any CPU
		{FD2BB82B-F068-4E12-84C0-61C0D3629086}.Debug|Any CPU.Build.0 = Debug|Any CPU
		{FD2BB82B-F068-4E12-84C0-61C0D3629086}.Release|Any CPU.ActiveCfg = Release|Any CPU
		{FD2BB82B-F068-4E12-84C0-61C0D3629086}.Release|Any CPU.Build.0 = Release|Any CPU
		{EA32A62F-9939-45B8-8619-76B886CE3FC8}.Debug|Any CPU.ActiveCfg = Debug|Any CPU
		{EA32A62F-9939-45B8-8619-76B886CE3FC8}.Debug|Any CPU.Build.0 = Debug|Any CPU
		{EA32A62F-9939-45B8-8619-76B886CE3FC8}.Release|Any CPU.ActiveCfg = Release|Any CPU
		{EA32A62F-9939-45B8-8619-76B886CE3FC8}.Release|Any CPU.Build.0 = Release|Any CPU
		{7D6BA6F4-0ACC-4C4A-9A66-5A9E6EF5B135}.Debug|Any CPU.ActiveCfg = Debug|Any CPU
		{7D6BA6F4-0ACC-4C4A-9A66-5A9E6EF5B135}.Debug|Any CPU.Build.0 = Debug|Any CPU
		{7D6BA6F4-0ACC-4C4A-9A66-5A9E6EF5B135}.Release|Any CPU.ActiveCfg = Release|Any CPU
		{7D6BA6F4-0ACC-4C4A-9A66-5A9E6EF5B135}.Release|Any CPU.Build.0 = Release|Any CPU
	EndGlobalSection
	GlobalSection(SolutionProperties) = preSolution
		HideSolutionNode = FALSE
	EndGlobalSection
	GlobalSection(ExtensibilityGlobals) = postSolution
		SolutionGuid = {530E21FC-FE6F-43E8-BF05-11A1FDB86D8F}
	EndGlobalSection
EndGlobal
